
Microsoft Visual Studio Solution File, Format Version 12.00
# Visual Studio Version 17
VisualStudioVersion = 17.6.33815.320
MinimumVisualStudioVersion = 10.0.40219.1
Project("{FAE04EC0-301F-11D3-BF4B-00C04F79EFBC}") = "KhuBrick", "KhuBrick\KhuBrick.csproj", "{8F859BB9-64CF-49F9-ADB6-41729E443717}"
EndProject
Global
	GlobalSection(SolutionConfigurationPlatforms) = preSolution
		Debug|ARM = Debug|ARM
		Debug|x64 = Debug|x64
		Debug|x86 = Debug|x86
		Release|ARM = Release|ARM
		Release|x64 = Release|x64
		Release|x86 = Release|x86
	EndGlobalSection
	GlobalSection(ProjectConfigurationPlatforms) = postSolution
		{8F859BB9-64CF-49F9-ADB6-41729E443717}.Debug|ARM.ActiveCfg = Debug|ARM
		{8F859BB9-64CF-49F9-ADB6-41729E443717}.Debug|ARM.Build.0 = Debug|ARM
		{8F859BB9-64CF-49F9-ADB6-41729E443717}.Debug|ARM.Deploy.0 = Debug|ARM
		{8F859BB9-64CF-49F9-ADB6-41729E443717}.Debug|x64.ActiveCfg = Debug|x64
		{8F859BB9-64CF-49F9-ADB6-41729E443717}.Debug|x64.Build.0 = Debug|x64
		{8F859BB9-64CF-49F9-ADB6-41729E443717}.Debug|x64.Deploy.0 = Debug|x64
		{8F859BB9-64CF-49F9-ADB6-41729E443717}.Debug|x86.ActiveCfg = Debug|x86
		{8F859BB9-64CF-49F9-ADB6-41729E443717}.Debug|x86.Build.0 = Debug|x86
		{8F859BB9-64CF-49F9-ADB6-41729E443717}.Debug|x86.Deploy.0 = Debug|x86
		{8F859BB9-64CF-49F9-ADB6-41729E443717}.Release|ARM.ActiveCfg = Release|ARM
		{8F859BB9-64CF-49F9-ADB6-41729E443717}.Release|ARM.Build.0 = Release|ARM
		{8F859BB9-64CF-49F9-ADB6-41729E443717}.Release|ARM.Deploy.0 = Release|ARM
		{8F859BB9-64CF-49F9-ADB6-41729E443717}.Release|x64.ActiveCfg = Release|x64
		{8F859BB9-64CF-49F9-ADB6-41729E443717}.Release|x64.Build.0 = Release|x64
		{8F859BB9-64CF-49F9-ADB6-41729E443717}.Release|x64.Deploy.0 = Release|x64
		{8F859BB9-64CF-49F9-ADB6-41729E443717}.Release|x86.ActiveCfg = Release|x86
		{8F859BB9-64CF-49F9-ADB6-41729E443717}.Release|x86.Build.0 = Release|x86
		{8F859BB9-64CF-49F9-ADB6-41729E443717}.Release|x86.Deploy.0 = Release|x86
	EndGlobalSection
	GlobalSection(SolutionProperties) = preSolution
		HideSolutionNode = FALSE
	EndGlobalSection
	GlobalSection(ExtensibilityGlobals) = postSolution
		SolutionGuid = {EB4C15FD-3EC1-46AE-887A-9E5799D71AEC}
	EndGlobalSection
EndGlobal
